
Microsoft Visual Studio Solution File, Format Version 12.00
# Visual Studio Version 17
VisualStudioVersion = 17.0.31903.59
MinimumVisualStudioVersion = 10.0.40219.1
Project("{2150E333-8FDC-42A3-9474-1A3956D46DE8}") = "src", "src", "{827E0CD3-B72D-47B6-A68D-7590B98EB39B}"
EndProject
Project("{FAE04EC0-301F-11D3-BF4B-00C04F79EFBC}") = "PlanTA.SharedKernel", "src\PlanTA.SharedKernel\PlanTA.SharedKernel.csproj", "{F447AAC5-DDA9-4055-85E0-3B47F4DFE627}"
EndProject
Project("{FAE04EC0-301F-11D3-BF4B-00C04F79EFBC}") = "PlanTA.API", "src\PlanTA.API\PlanTA.API.csproj", "{B5F8CF19-571C-4C15-A563-E76C54519FC4}"
EndProject
Project("{FAE04EC0-301F-11D3-BF4B-00C04F79EFBC}") = "PlanTA.Seguridad.Domain", "src\PlanTA.Seguridad.Domain\PlanTA.Seguridad.Domain.csproj", "{C67B9112-D9AE-4D24-A3E2-20E69737F116}"
EndProject
Project("{FAE04EC0-301F-11D3-BF4B-00C04F79EFBC}") = "PlanTA.Seguridad.Application", "src\PlanTA.Seguridad.Application\PlanTA.Seguridad.Application.csproj", "{0A939A67-1585-4B59-9B5C-22635607241F}"
EndProject
Project("{FAE04EC0-301F-11D3-BF4B-00C04F79EFBC}") = "PlanTA.Seguridad.Infrastructure", "src\PlanTA.Seguridad.Infrastructure\PlanTA.Seguridad.Infrastructure.csproj", "{6B5CD547-5E8D-4714-810E-D44CFC192E97}"
EndProject
Project("{FAE04EC0-301F-11D3-BF4B-00C04F79EFBC}") = "PlanTA.Inventario.Domain", "src\PlanTA.Inventario.Domain\PlanTA.Inventario.Domain.csproj", "{338699DF-183A-495A-9F48-6F13C5FCFCE7}"
EndProject
Project("{FAE04EC0-301F-11D3-BF4B-00C04F79EFBC}") = "PlanTA.Inventario.Application", "src\PlanTA.Inventario.Application\PlanTA.Inventario.Application.csproj", "{5A4D0B5F-900A-4F79-AB24-C92FA63FAD26}"
EndProject
Project("{FAE04EC0-301F-11D3-BF4B-00C04F79EFBC}") = "PlanTA.Inventario.Infrastructure", "src\PlanTA.Inventario.Infrastructure\PlanTA.Inventario.Infrastructure.csproj", "{60B75068-C163-41F9-BA20-F450D68F39A3}"
EndProject
Project("{FAE04EC0-301F-11D3-BF4B-00C04F79EFBC}") = "PlanTA.Produccion.Domain", "src\PlanTA.Produccion.Domain\PlanTA.Produccion.Domain.csproj", "{5EE3AB94-31C7-4560-8723-273FD95B0A91}"
EndProject
Project("{FAE04EC0-301F-11D3-BF4B-00C04F79EFBC}") = "PlanTA.Produccion.Application", "src\PlanTA.Produccion.Application\PlanTA.Produccion.Application.csproj", "{5542CBB7-4CE2-4B7E-9CF6-7108AE551350}"
EndProject
Project("{FAE04EC0-301F-11D3-BF4B-00C04F79EFBC}") = "PlanTA.Produccion.Infrastructure", "src\PlanTA.Produccion.Infrastructure\PlanTA.Produccion.Infrastructure.csproj", "{895811F8-F19A-42DA-AB24-C332DFE5D6F4}"
EndProject
Project("{FAE04EC0-301F-11D3-BF4B-00C04F79EFBC}") = "PlanTA.Compras.Domain", "src\PlanTA.Compras.Domain\PlanTA.Compras.Domain.csproj", "{B2E24DCB-E515-42C6-807E-97FF6F05171D}"
EndProject
Project("{FAE04EC0-301F-11D3-BF4B-00C04F79EFBC}") = "PlanTA.Compras.Application", "src\PlanTA.Compras.Application\PlanTA.Compras.Application.csproj", "{B444E5CC-5043-405B-AD6E-2D3DFD763FF1}"
EndProject
Project("{FAE04EC0-301F-11D3-BF4B-00C04F79EFBC}") = "PlanTA.Compras.Infrastructure", "src\PlanTA.Compras.Infrastructure\PlanTA.Compras.Infrastructure.csproj", "{5D54744E-7981-417D-93D4-3CD57A5048E8}"
EndProject
Project("{FAE04EC0-301F-11D3-BF4B-00C04F79EFBC}") = "PlanTA.Ventas.Domain", "src\PlanTA.Ventas.Domain\PlanTA.Ventas.Domain.csproj", "{CAFDAD94-6725-4613-8AD9-457C6FD63FA0}"
EndProject
Project("{FAE04EC0-301F-11D3-BF4B-00C04F79EFBC}") = "PlanTA.Ventas.Application", "src\PlanTA.Ventas.Application\PlanTA.Ventas.Application.csproj", "{48A42421-3899-4D51-85A6-95F67079828F}"
EndProject
Project("{FAE04EC0-301F-11D3-BF4B-00C04F79EFBC}") = "PlanTA.Ventas.Infrastructure", "src\PlanTA.Ventas.Infrastructure\PlanTA.Ventas.Infrastructure.csproj", "{575EA48F-E4B6-4A30-8786-92F703A9F4B4}"
EndProject
Project("{FAE04EC0-301F-11D3-BF4B-00C04F79EFBC}") = "PlanTA.Calidad.Domain", "src\PlanTA.Calidad.Domain\PlanTA.Calidad.Domain.csproj", "{0BB2364C-C8B9-43DF-BE86-E3F816B1E1A9}"
EndProject
Project("{FAE04EC0-301F-11D3-BF4B-00C04F79EFBC}") = "PlanTA.Calidad.Application", "src\PlanTA.Calidad.Application\PlanTA.Calidad.Application.csproj", "{92942CD5-CC26-4AFC-8338-52E6C5A275A2}"
EndProject
Project("{FAE04EC0-301F-11D3-BF4B-00C04F79EFBC}") = "PlanTA.Calidad.Infrastructure", "src\PlanTA.Calidad.Infrastructure\PlanTA.Calidad.Infrastructure.csproj", "{899D4EF1-1519-4748-9548-109230C2EA4B}"
EndProject
Global
	GlobalSection(SolutionConfigurationPlatforms) = preSolution
		Debug|Any CPU = Debug|Any CPU
		Debug|x64 = Debug|x64
		Debug|x86 = Debug|x86
		Release|Any CPU = Release|Any CPU
		Release|x64 = Release|x64
		Release|x86 = Release|x86
	EndGlobalSection
	GlobalSection(ProjectConfigurationPlatforms) = postSolution
		{F447AAC5-DDA9-4055-85E0-3B47F4DFE627}.Debug|Any CPU.ActiveCfg = Debug|Any CPU
		{F447AAC5-DDA9-4055-85E0-3B47F4DFE627}.Debug|Any CPU.Build.0 = Debug|Any CPU
		{F447AAC5-DDA9-4055-85E0-3B47F4DFE627}.Debug|x64.ActiveCfg = Debug|Any CPU
		{F447AAC5-DDA9-4055-85E0-3B47F4DFE627}.Debug|x64.Build.0 = Debug|Any CPU
		{F447AAC5-DDA9-4055-85E0-3B47F4DFE627}.Debug|x86.ActiveCfg = Debug|Any CPU
		{F447AAC5-DDA9-4055-85E0-3B47F4DFE627}.Debug|x86.Build.0 = Debug|Any CPU
		{F447AAC5-DDA9-4055-85E0-3B47F4DFE627}.Release|Any CPU.ActiveCfg = Release|Any CPU
		{F447AAC5-DDA9-4055-85E0-3B47F4DFE627}.Release|Any CPU.Build.0 = Release|Any CPU
		{F447AAC5-DDA9-4055-85E0-3B47F4DFE627}.Release|x64.ActiveCfg = Release|Any CPU
		{F447AAC5-DDA9-4055-85E0-3B47F4DFE627}.Release|x64.Build.0 = Release|Any CPU
		{F447AAC5-DDA9-4055-85E0-3B47F4DFE627}.Release|x86.ActiveCfg = Release|Any CPU
		{F447AAC5-DDA9-4055-85E0-3B47F4DFE627}.Release|x86.Build.0 = Release|Any CPU
		{B5F8CF19-571C-4C15-A563-E76C54519FC4}.Debug|Any CPU.ActiveCfg = Debug|Any CPU
		{B5F8CF19-571C-4C15-A563-E76C54519FC4}.Debug|Any CPU.Build.0 = Debug|Any CPU
		{B5F8CF19-571C-4C15-A563-E76C54519FC4}.Debug|x64.ActiveCfg = Debug|Any CPU
		{B5F8CF19-571C-4C15-A563-E76C54519FC4}.Debug|x64.Build.0 = Debug|Any CPU
		{B5F8CF19-571C-4C15-A563-E76C54519FC4}.Debug|x86.ActiveCfg = Debug|Any CPU
		{B5F8CF19-571C-4C15-A563-E76C54519FC4}.Debug|x86.Build.0 = Debug|Any CPU
		{B5F8CF19-571C-4C15-A563-E76C54519FC4}.Release|Any CPU.ActiveCfg = Release|Any CPU
		{B5F8CF19-571C-4C15-A563-E76C54519FC4}.Release|Any CPU.Build.0 = Release|Any CPU
		{B5F8CF19-571C-4C15-A563-E76C54519FC4}.Release|x64.ActiveCfg = Release|Any CPU
		{B5F8CF19-571C-4C15-A563-E76C54519FC4}.Release|x64.Build.0 = Release|Any CPU
		{B5F8CF19-571C-4C15-A563-E76C54519FC4}.Release|x86.ActiveCfg = Release|Any CPU
		{B5F8CF19-571C-4C15-A563-E76C54519FC4}.Release|x86.Build.0 = Release|Any CPU
		{C67B9112-D9AE-4D24-A3E2-20E69737F116}.Debug|Any CPU.ActiveCfg = Debug|Any CPU
		{C67B9112-D9AE-4D24-A3E2-20E69737F116}.Debug|Any CPU.Build.0 = Debug|Any CPU
		{C67B9112-D9AE-4D24-A3E2-20E69737F116}.Debug|x64.ActiveCfg = Debug|Any CPU
		{C67B9112-D9AE-4D24-A3E2-20E69737F116}.Debug|x64.Build.0 = Debug|Any CPU
		{C67B9112-D9AE-4D24-A3E2-20E69737F116}.Debug|x86.ActiveCfg = Debug|Any CPU
		{C67B9112-D9AE-4D24-A3E2-20E69737F116}.Debug|x86.Build.0 = Debug|Any CPU
		{C67B9112-D9AE-4D24-A3E2-20E69737F116}.Release|Any CPU.ActiveCfg = Release|Any CPU
		{C67B9112-D9AE-4D24-A3E2-20E69737F116}.Release|Any CPU.Build.0 = Release|Any CPU
		{C67B9112-D9AE-4D24-A3E2-20E69737F116}.Release|x64.ActiveCfg = Release|Any CPU
		{C67B9112-D9AE-4D24-A3E2-20E69737F116}.Release|x64.Build.0 = Release|Any CPU
		{C67B9112-D9AE-4D24-A3E2-20E69737F116}.Release|x86.ActiveCfg = Release|Any CPU
		{C67B9112-D9AE-4D24-A3E2-20E69737F116}.Release|x86.Build.0 = Release|Any CPU
		{0A939A67-1585-4B59-9B5C-22635607241F}.Debug|Any CPU.ActiveCfg = Debug|Any CPU
		{0A939A67-1585-4B59-9B5C-22635607241F}.Debug|Any CPU.Build.0 = Debug|Any CPU
		{0A939A67-1585-4B59-9B5C-22635607241F}.Debug|x64.ActiveCfg = Debug|Any CPU
		{0A939A67-1585-4B59-9B5C-22635607241F}.Debug|x64.Build.0 = Debug|Any CPU
		{0A939A67-1585-4B59-9B5C-22635607241F}.Debug|x86.ActiveCfg = Debug|Any CPU
		{0A939A67-1585-4B59-9B5C-22635607241F}.Debug|x86.Build.0 = Debug|Any CPU
		{0A939A67-1585-4B59-9B5C-22635607241F}.Release|Any CPU.ActiveCfg = Release|Any CPU
		{0A939A67-1585-4B59-9B5C-22635607241F}.Release|Any CPU.Build.0 = Release|Any CPU
		{0A939A67-1585-4B59-9B5C-22635607241F}.Release|x64.ActiveCfg = Release|Any CPU
		{0A939A67-1585-4B59-9B5C-22635607241F}.Release|x64.Build.0 = Release|Any CPU
		{0A939A67-1585-4B59-9B5C-22635607241F}.Release|x86.ActiveCfg = Release|Any CPU
		{0A939A67-1585-4B59-9B5C-22635607241F}.Release|x86.Build.0 = Release|Any CPU
		{6B5CD547-5E8D-4714-810E-D44CFC192E97}.Debug|Any CPU.ActiveCfg = Debug|Any CPU
		{6B5CD547-5E8D-4714-810E-D44CFC192E97}.Debug|Any CPU.Build.0 = Debug|Any CPU
		{6B5CD547-5E8D-4714-810E-D44CFC192E97}.Debug|x64.ActiveCfg = Debug|Any CPU
		{6B5CD547-5E8D-4714-810E-D44CFC192E97}.Debug|x64.Build.0 = Debug|Any CPU
		{6B5CD547-5E8D-4714-810E-D44CFC192E97}.Debug|x86.ActiveCfg = Debug|Any CPU
		{6B5CD547-5E8D-4714-810E-D44CFC192E97}.Debug|x86.Build.0 = Debug|Any CPU
		{6B5CD547-5E8D-4714-810E-D44CFC192E97}.Release|Any CPU.ActiveCfg = Release|Any CPU
		{6B5CD547-5E8D-4714-810E-D44CFC192E97}.Release|Any CPU.Build.0 = Release|Any CPU
		{6B5CD547-5E8D-4714-810E-D44CFC192E97}.Release|x64.ActiveCfg = Release|Any CPU
		{6B5CD547-5E8D-4714-810E-D44CFC192E97}.Release|x64.Build.0 = Release|Any CPU
		{6B5CD547-5E8D-4714-810E-D44CFC192E97}.Release|x86.ActiveCfg = Release|Any CPU
		{6B5CD547-5E8D-4714-810E-D44CFC192E97}.Release|x86.Build.0 = Release|Any CPU
		{338699DF-183A-495A-9F48-6F13C5FCFCE7}.Debug|Any CPU.ActiveCfg = Debug|Any CPU
		{338699DF-183A-495A-9F48-6F13C5FCFCE7}.Debug|Any CPU.Build.0 = Debug|Any CPU
		{338699DF-183A-495A-9F48-6F13C5FCFCE7}.Debug|x64.ActiveCfg = Debug|Any CPU
		{338699DF-183A-495A-9F48-6F13C5FCFCE7}.Debug|x64.Build.0 = Debug|Any CPU
		{338699DF-183A-495A-9F48-6F13C5FCFCE7}.Debug|x86.ActiveCfg = Debug|Any CPU
		{338699DF-183A-495A-9F48-6F13C5FCFCE7}.Debug|x86.Build.0 = Debug|Any CPU
		{338699DF-183A-495A-9F48-6F13C5FCFCE7}.Release|Any CPU.ActiveCfg = Release|Any CPU
		{338699DF-183A-495A-9F48-6F13C5FCFCE7}.Release|Any CPU.Build.0 = Release|Any CPU
		{338699DF-183A-495A-9F48-6F13C5FCFCE7}.Release|x64.ActiveCfg = Release|Any CPU
		{338699DF-183A-495A-9F48-6F13C5FCFCE7}.Release|x64.Build.0 = Release|Any CPU
		{338699DF-183A-495A-9F48-6F13C5FCFCE7}.Release|x86.ActiveCfg = Release|Any CPU
		{338699DF-183A-495A-9F48-6F13C5FCFCE7}.Release|x86.Build.0 = Release|Any CPU
		{5A4D0B5F-900A-4F79-AB24-C92FA63FAD26}.Debug|Any CPU.ActiveCfg = Debug|Any CPU
		{5A4D0B5F-900A-4F79-AB24-C92FA63FAD26}.Debug|Any CPU.Build.0 = Debug|Any CPU
		{5A4D0B5F-900A-4F79-AB24-C92FA63FAD26}.Debug|x64.ActiveCfg = Debug|Any CPU
		{5A4D0B5F-900A-4F79-AB24-C92FA63FAD26}.Debug|x64.Build.0 = Debug|Any CPU
		{5A4D0B5F-900A-4F79-AB24-C92FA63FAD26}.Debug|x86.ActiveCfg = Debug|Any CPU
		{5A4D0B5F-900A-4F79-AB24-C92FA63FAD26}.Debug|x86.Build.0 = Debug|Any CPU
		{5A4D0B5F-900A-4F79-AB24-C92FA63FAD26}.Release|Any CPU.ActiveCfg = Release|Any CPU
		{5A4D0B5F-900A-4F79-AB24-C92FA63FAD26}.Release|Any CPU.Build.0 = Release|Any CPU
		{5A4D0B5F-900A-4F79-AB24-C92FA63FAD26}.Release|x64.ActiveCfg = Release|Any CPU
		{5A4D0B5F-900A-4F79-AB24-C92FA63FAD26}.Release|x64.Build.0 = Release|Any CPU
		{5A4D0B5F-900A-4F79-AB24-C92FA63FAD26}.Release|x86.ActiveCfg = Release|Any CPU
		{5A4D0B5F-900A-4F79-AB24-C92FA63FAD26}.Release|x86.Build.0 = Release|Any CPU
		{60B75068-C163-41F9-BA20-F450D68F39A3}.Debug|Any CPU.ActiveCfg = Debug|Any CPU
		{60B75068-C163-41F9-BA20-F450D68F39A3}.Debug|Any CPU.Build.0 = Debug|Any CPU
		{60B75068-C163-41F9-BA20-F450D68F39A3}.Debug|x64.ActiveCfg = Debug|Any CPU
		{60B75068-C163-41F9-BA20-F450D68F39A3}.Debug|x64.Build.0 = Debug|Any CPU
		{60B75068-C163-41F9-BA20-F450D68F39A3}.Debug|x86.ActiveCfg = Debug|Any CPU
		{60B75068-C163-41F9-BA20-F450D68F39A3}.Debug|x86.Build.0 = Debug|Any CPU
		{60B75068-C163-41F9-BA20-F450D68F39A3}.Release|Any CPU.ActiveCfg = Release|Any CPU
		{60B75068-C163-41F9-BA20-F450D68F39A3}.Release|Any CPU.Build.0 = Release|Any CPU
		{60B75068-C163-41F9-BA20-F450D68F39A3}.Release|x64.ActiveCfg = Release|Any CPU
		{60B75068-C163-41F9-BA20-F450D68F39A3}.Release|x64.Build.0 = Release|Any CPU
		{60B75068-C163-41F9-BA20-F450D68F39A3}.Release|x86.ActiveCfg = Release|Any CPU
		{60B75068-C163-41F9-BA20-F450D68F39A3}.Release|x86.Build.0 = Release|Any CPU
		{5EE3AB94-31C7-4560-8723-273FD95B0A91}.Debug|Any CPU.ActiveCfg = Debug|Any CPU
		{5EE3AB94-31C7-4560-8723-273FD95B0A91}.Debug|Any CPU.Build.0 = Debug|Any CPU
		{5EE3AB94-31C7-4560-8723-273FD95B0A91}.Debug|x64.ActiveCfg = Debug|Any CPU
		{5EE3AB94-31C7-4560-8723-273FD95B0A91}.Debug|x64.Build.0 = Debug|Any CPU
		{5EE3AB94-31C7-4560-8723-273FD95B0A91}.Debug|x86.ActiveCfg = Debug|Any CPU
		{5EE3AB94-31C7-4560-8723-273FD95B0A91}.Debug|x86.Build.0 = Debug|Any CPU
		{5EE3AB94-31C7-4560-8723-273FD95B0A91}.Release|Any CPU.ActiveCfg = Release|Any CPU
		{5EE3AB94-31C7-4560-8723-273FD95B0A91}.Release|Any CPU.Build.0 = Release|Any CPU
		{5EE3AB94-31C7-4560-8723-273FD95B0A91}.Release|x64.ActiveCfg = Release|Any CPU
		{5EE3AB94-31C7-4560-8723-273FD95B0A91}.Release|x64.Build.0 = Release|Any CPU
		{5EE3AB94-31C7-4560-8723-273FD95B0A91}.Release|x86.ActiveCfg = Release|Any CPU
		{5EE3AB94-31C7-4560-8723-273FD95B0A91}.Release|x86.Build.0 = Release|Any CPU
		{5542CBB7-4CE2-4B7E-9CF6-7108AE551350}.Debug|Any CPU.ActiveCfg = Debug|Any CPU
		{5542CBB7-4CE2-4B7E-9CF6-7108AE551350}.Debug|Any CPU.Build.0 = Debug|Any CPU
		{5542CBB7-4CE2-4B7E-9CF6-7108AE551350}.Debug|x64.ActiveCfg = Debug|Any CPU
		{5542CBB7-4CE2-4B7E-9CF6-7108AE551350}.Debug|x64.Build.0 = Debug|Any CPU
		{5542CBB7-4CE2-4B7E-9CF6-7108AE551350}.Debug|x86.ActiveCfg = Debug|Any CPU
		{5542CBB7-4CE2-4B7E-9CF6-7108AE551350}.Debug|x86.Build.0 = Debug|Any CPU
		{5542CBB7-4CE2-4B7E-9CF6-7108AE551350}.Release|Any CPU.ActiveCfg = Release|Any CPU
		{5542CBB7-4CE2-4B7E-9CF6-7108AE551350}.Release|Any CPU.Build.0 = Release|Any CPU
		{5542CBB7-4CE2-4B7E-9CF6-7108AE551350}.Release|x64.ActiveCfg = Release|Any CPU
		{5542CBB7-4CE2-4B7E-9CF6-7108AE551350}.Release|x64.Build.0 = Release|Any CPU
		{5542CBB7-4CE2-4B7E-9CF6-7108AE551350}.Release|x86.ActiveCfg = Release|Any CPU
		{5542CBB7-4CE2-4B7E-9CF6-7108AE551350}.Release|x86.Build.0 = Release|Any CPU
		{895811F8-F19A-42DA-AB24-C332DFE5D6F4}.Debug|Any CPU.ActiveCfg = Debug|Any CPU
		{895811F8-F19A-42DA-AB24-C332DFE5D6F4}.Debug|Any CPU.Build.0 = Debug|Any CPU
		{895811F8-F19A-42DA-AB24-C332DFE5D6F4}.Debug|x64.ActiveCfg = Debug|Any CPU
		{895811F8-F19A-42DA-AB24-C332DFE5D6F4}.Debug|x64.Build.0 = Debug|Any CPU
		{895811F8-F19A-42DA-AB24-C332DFE5D6F4}.Debug|x86.ActiveCfg = Debug|Any CPU
		{895811F8-F19A-42DA-AB24-C332DFE5D6F4}.Debug|x86.Build.0 = Debug|Any CPU
		{895811F8-F19A-42DA-AB24-C332DFE5D6F4}.Release|Any CPU.ActiveCfg = Release|Any CPU
		{895811F8-F19A-42DA-AB24-C332DFE5D6F4}.Release|Any CPU.Build.0 = Release|Any CPU
		{895811F8-F19A-42DA-AB24-C332DFE5D6F4}.Release|x64.ActiveCfg = Release|Any CPU
		{895811F8-F19A-42DA-AB24-C332DFE5D6F4}.Release|x64.Build.0 = Release|Any CPU
		{895811F8-F19A-42DA-AB24-C332DFE5D6F4}.Release|x86.ActiveCfg = Release|Any CPU
		{895811F8-F19A-42DA-AB24-C332DFE5D6F4}.Release|x86.Build.0 = Release|Any CPU
		{B2E24DCB-E515-42C6-807E-97FF6F05171D}.Debug|Any CPU.ActiveCfg = Debug|Any CPU
		{B2E24DCB-E515-42C6-807E-97FF6F05171D}.Debug|Any CPU.Build.0 = Debug|Any CPU
		{B2E24DCB-E515-42C6-807E-97FF6F05171D}.Debug|x64.ActiveCfg = Debug|Any CPU
		{B2E24DCB-E515-42C6-807E-97FF6F05171D}.Debug|x64.Build.0 = Debug|Any CPU
		{B2E24DCB-E515-42C6-807E-97FF6F05171D}.Debug|x86.ActiveCfg = Debug|Any CPU
		{B2E24DCB-E515-42C6-807E-97FF6F05171D}.Debug|x86.Build.0 = Debug|Any CPU
		{B2E24DCB-E515-42C6-807E-97FF6F05171D}.Release|Any CPU.ActiveCfg = Release|Any CPU
		{B2E24DCB-E515-42C6-807E-97FF6F05171D}.Release|Any CPU.Build.0 = Release|Any CPU
		{B2E24DCB-E515-42C6-807E-97FF6F05171D}.Release|x64.ActiveCfg = Release|Any CPU
		{B2E24DCB-E515-42C6-807E-97FF6F05171D}.Release|x64.Build.0 = Release|Any CPU
		{B2E24DCB-E515-42C6-807E-97FF6F05171D}.Release|x86.ActiveCfg = Release|Any CPU
		{B2E24DCB-E515-42C6-807E-97FF6F05171D}.Release|x86.Build.0 = Release|Any CPU
		{B444E5CC-5043-405B-AD6E-2D3DFD763FF1}.Debug|Any CPU.ActiveCfg = Debug|Any CPU
		{B444E5CC-5043-405B-AD6E-2D3DFD763FF1}.Debug|Any CPU.Build.0 = Debug|Any CPU
		{B444E5CC-5043-405B-AD6E-2D3DFD763FF1}.Debug|x64.ActiveCfg = Debug|Any CPU
		{B444E5CC-5043-405B-AD6E-2D3DFD763FF1}.Debug|x64.Build.0 = Debug|Any CPU
		{B444E5CC-5043-405B-AD6E-2D3DFD763FF1}.Debug|x86.ActiveCfg = Debug|Any CPU
		{B444E5CC-5043-405B-AD6E-2D3DFD763FF1}.Debug|x86.Build.0 = Debug|Any CPU
		{B444E5CC-5043-405B-AD6E-2D3DFD763FF1}.Release|Any CPU.ActiveCfg = Release|Any CPU
		{B444E5CC-5043-405B-AD6E-2D3DFD763FF1}.Release|Any CPU.Build.0 = Release|Any CPU
		{B444E5CC-5043-405B-AD6E-2D3DFD763FF1}.Release|x64.ActiveCfg = Release|Any CPU
		{B444E5CC-5043-405B-AD6E-2D3DFD763FF1}.Release|x64.Build.0 = Release|Any CPU
		{B444E5CC-5043-405B-AD6E-2D3DFD763FF1}.Release|x86.ActiveCfg = Release|Any CPU
		{B444E5CC-5043-405B-AD6E-2D3DFD763FF1}.Release|x86.Build.0 = Release|Any CPU
		{5D54744E-7981-417D-93D4-3CD57A5048E8}.Debug|Any CPU.ActiveCfg = Debug|Any CPU
		{5D54744E-7981-417D-93D4-3CD57A5048E8}.Debug|Any CPU.Build.0 = Debug|Any CPU
		{5D54744E-7981-417D-93D4-3CD57A5048E8}.Debug|x64.ActiveCfg = Debug|Any CPU
		{5D54744E-7981-417D-93D4-3CD57A5048E8}.Debug|x64.Build.0 = Debug|Any CPU
		{5D54744E-7981-417D-93D4-3CD57A5048E8}.Debug|x86.ActiveCfg = Debug|Any CPU
		{5D54744E-7981-417D-93D4-3CD57A5048E8}.Debug|x86.Build.0 = Debug|Any CPU
		{5D54744E-7981-417D-93D4-3CD57A5048E8}.Release|Any CPU.ActiveCfg = Release|Any CPU
		{5D54744E-7981-417D-93D4-3CD57A5048E8}.Release|Any CPU.Build.0 = Release|Any CPU
		{5D54744E-7981-417D-93D4-3CD57A5048E8}.Release|x64.ActiveCfg = Release|Any CPU
		{5D54744E-7981-417D-93D4-3CD57A5048E8}.Release|x64.Build.0 = Release|Any CPU
		{5D54744E-7981-417D-93D4-3CD57A5048E8}.Release|x86.ActiveCfg = Release|Any CPU
		{5D54744E-7981-417D-93D4-3CD57A5048E8}.Release|x86.Build.0 = Release|Any CPU
		{CAFDAD94-6725-4613-8AD9-457C6FD63FA0}.Debug|Any CPU.ActiveCfg = Debug|Any CPU
		{CAFDAD94-6725-4613-8AD9-457C6FD63FA0}.Debug|Any CPU.Build.0 = Debug|Any CPU
		{CAFDAD94-6725-4613-8AD9-457C6FD63FA0}.Debug|x64.ActiveCfg = Debug|Any CPU
		{CAFDAD94-6725-4613-8AD9-457C6FD63FA0}.Debug|x64.Build.0 = Debug|Any CPU
		{CAFDAD94-6725-4613-8AD9-457C6FD63FA0}.Debug|x86.ActiveCfg = Debug|Any CPU
		{CAFDAD94-6725-4613-8AD9-457C6FD63FA0}.Debug|x86.Build.0 = Debug|Any CPU
		{CAFDAD94-6725-4613-8AD9-457C6FD63FA0}.Release|Any CPU.ActiveCfg = Release|Any CPU
		{CAFDAD94-6725-4613-8AD9-457C6FD63FA0}.Release|Any CPU.Build.0 = Release|Any CPU
		{CAFDAD94-6725-4613-8AD9-457C6FD63FA0}.Release|x64.ActiveCfg = Release|Any CPU
		{CAFDAD94-6725-4613-8AD9-457C6FD63FA0}.Release|x64.Build.0 = Release|Any CPU
		{CAFDAD94-6725-4613-8AD9-457C6FD63FA0}.Release|x86.ActiveCfg = Release|Any CPU
		{CAFDAD94-6725-4613-8AD9-457C6FD63FA0}.Release|x86.Build.0 = Release|Any CPU
		{48A42421-3899-4D51-85A6-95F67079828F}.Debug|Any CPU.ActiveCfg = Debug|Any CPU
		{48A42421-3899-4D51-85A6-95F67079828F}.Debug|Any CPU.Build.0 = Debug|Any CPU
		{48A42421-3899-4D51-85A6-95F67079828F}.Debug|x64.ActiveCfg = Debug|Any CPU
		{48A42421-3899-4D51-85A6-95F67079828F}.Debug|x64.Build.0 = Debug|Any CPU
		{48A42421-3899-4D51-85A6-95F67079828F}.Debug|x86.ActiveCfg = Debug|Any CPU
		{48A42421-3899-4D51-85A6-95F67079828F}.Debug|x86.Build.0 = Debug|Any CPU
		{48A42421-3899-4D51-85A6-95F67079828F}.Release|Any CPU.ActiveCfg = Release|Any CPU
		{48A42421-3899-4D51-85A6-95F67079828F}.Release|Any CPU.Build.0 = Release|Any CPU
		{48A42421-3899-4D51-85A6-95F67079828F}.Release|x64.ActiveCfg = Release|Any CPU
		{48A42421-3899-4D51-85A6-95F67079828F}.Release|x64.Build.0 = Release|Any CPU
		{48A42421-3899-4D51-85A6-95F67079828F}.Release|x86.ActiveCfg = Release|Any CPU
		{48A42421-3899-4D51-85A6-95F67079828F}.Release|x86.Build.0 = Release|Any CPU
		{575EA48F-E4B6-4A30-8786-92F703A9F4B4}.Debug|Any CPU.ActiveCfg = Debug|Any CPU
		{575EA48F-E4B6-4A30-8786-92F703A9F4B4}.Debug|Any CPU.Build.0 = Debug|Any CPU
		{575EA48F-E4B6-4A30-8786-92F703A9F4B4}.Debug|x64.ActiveCfg = Debug|Any CPU
		{575EA48F-E4B6-4A30-8786-92F703A9F4B4}.Debug|x64.Build.0 = Debug|Any CPU
		{575EA48F-E4B6-4A30-8786-92F703A9F4B4}.Debug|x86.ActiveCfg = Debug|Any CPU
		{575EA48F-E4B6-4A30-8786-92F703A9F4B4}.Debug|x86.Build.0 = Debug|Any CPU
		{575EA48F-E4B6-4A30-8786-92F703A9F4B4}.Release|Any CPU.ActiveCfg = Release|Any CPU
		{575EA48F-E4B6-4A30-8786-92F703A9F4B4}.Release|Any CPU.Build.0 = Release|Any CPU
		{575EA48F-E4B6-4A30-8786-92F703A9F4B4}.Release|x64.ActiveCfg = Release|Any CPU
		{575EA48F-E4B6-4A30-8786-92F703A9F4B4}.Release|x64.Build.0 = Release|Any CPU
		{575EA48F-E4B6-4A30-8786-92F703A9F4B4}.Release|x86.ActiveCfg = Release|Any CPU
		{575EA48F-E4B6-4A30-8786-92F703A9F4B4}.Release|x86.Build.0 = Release|Any CPU
		{0BB2364C-C8B9-43DF-BE86-E3F816B1E1A9}.Debug|Any CPU.ActiveCfg = Debug|Any CPU
		{0BB2364C-C8B9-43DF-BE86-E3F816B1E1A9}.Debug|Any CPU.Build.0 = Debug|Any CPU
		{0BB2364C-C8B9-43DF-BE86-E3F816B1E1A9}.Debug|x64.ActiveCfg = Debug|Any CPU
		{0BB2364C-C8B9-43DF-BE86-E3F816B1E1A9}.Debug|x64.Build.0 = Debug|Any CPU
		{0BB2364C-C8B9-43DF-BE86-E3F816B1E1A9}.Debug|x86.ActiveCfg = Debug|Any CPU
		{0BB2364C-C8B9-43DF-BE86-E3F816B1E1A9}.Debug|x86.Build.0 = Debug|Any CPU
		{0BB2364C-C8B9-43DF-BE86-E3F816B1E1A9}.Release|Any CPU.ActiveCfg = Release|Any CPU
		{0BB2364C-C8B9-43DF-BE86-E3F816B1E1A9}.Release|Any CPU.Build.0 = Release|Any CPU
		{0BB2364C-C8B9-43DF-BE86-E3F816B1E1A9}.Release|x64.ActiveCfg = Release|Any CPU
		{0BB2364C-C8B9-43DF-BE86-E3F816B1E1A9}.Release|x64.Build.0 = Release|Any CPU
		{0BB2364C-C8B9-43DF-BE86-E3F816B1E1A9}.Release|x86.ActiveCfg = Release|Any CPU
		{0BB2364C-C8B9-43DF-BE86-E3F816B1E1A9}.Release|x86.Build.0 = Release|Any CPU
		{92942CD5-CC26-4AFC-8338-52E6C5A275A2}.Debug|Any CPU.ActiveCfg = Debug|Any CPU
		{92942CD5-CC26-4AFC-8338-52E6C5A275A2}.Debug|Any CPU.Build.0 = Debug|Any CPU
		{92942CD5-CC26-4AFC-8338-52E6C5A275A2}.Debug|x64.ActiveCfg = Debug|Any CPU
		{92942CD5-CC26-4AFC-8338-52E6C5A275A2}.Debug|x64.Build.0 = Debug|Any CPU
		{92942CD5-CC26-4AFC-8338-52E6C5A275A2}.Debug|x86.ActiveCfg = Debug|Any CPU
		{92942CD5-CC26-4AFC-8338-52E6C5A275A2}.Debug|x86.Build.0 = Debug|Any CPU
		{92942CD5-CC26-4AFC-8338-52E6C5A275A2}.Release|Any CPU.ActiveCfg = Release|Any CPU
		{92942CD5-CC26-4AFC-8338-52E6C5A275A2}.Release|Any CPU.Build.0 = Release|Any CPU
		{92942CD5-CC26-4AFC-8338-52E6C5A275A2}.Release|x64.ActiveCfg = Release|Any CPU
		{92942CD5-CC26-4AFC-8338-52E6C5A275A2}.Release|x64.Build.0 = Release|Any CPU
		{92942CD5-CC26-4AFC-8338-52E6C5A275A2}.Release|x86.ActiveCfg = Release|Any CPU
		{92942CD5-CC26-4AFC-8338-52E6C5A275A2}.Release|x86.Build.0 = Release|Any CPU
		{899D4EF1-1519-4748-9548-109230C2EA4B}.Debug|Any CPU.ActiveCfg = Debug|Any CPU
		{899D4EF1-1519-4748-9548-109230C2EA4B}.Debug|Any CPU.Build.0 = Debug|Any CPU
		{899D4EF1-1519-4748-9548-109230C2EA4B}.Debug|x64.ActiveCfg = Debug|Any CPU
		{899D4EF1-1519-4748-9548-109230C2EA4B}.Debug|x64.Build.0 = Debug|Any CPU
		{899D4EF1-1519-4748-9548-109230C2EA4B}.Debug|x86.ActiveCfg = Debug|Any CPU
		{899D4EF1-1519-4748-9548-109230C2EA4B}.Debug|x86.Build.0 = Debug|Any CPU
		{899D4EF1-1519-4748-9548-109230C2EA4B}.Release|Any CPU.ActiveCfg = Release|Any CPU
		{899D4EF1-1519-4748-9548-109230C2EA4B}.Release|Any CPU.Build.0 = Release|Any CPU
		{899D4EF1-1519-4748-9548-109230C2EA4B}.Release|x64.ActiveCfg = Release|Any CPU
		{899D4EF1-1519-4748-9548-109230C2EA4B}.Release|x64.Build.0 = Release|Any CPU
		{899D4EF1-1519-4748-9548-109230C2EA4B}.Release|x86.ActiveCfg = Release|Any CPU
		{899D4EF1-1519-4748-9548-109230C2EA4B}.Release|x86.Build.0 = Release|Any CPU
	EndGlobalSection
	GlobalSection(SolutionProperties) = preSolution
		HideSolutionNode = FALSE
	EndGlobalSection
	GlobalSection(NestedProjects) = preSolution
		{F447AAC5-DDA9-4055-85E0-3B47F4DFE627} = {827E0CD3-B72D-47B6-A68D-7590B98EB39B}
		{B5F8CF19-571C-4C15-A563-E76C54519FC4} = {827E0CD3-B72D-47B6-A68D-7590B98EB39B}
		{C67B9112-D9AE-4D24-A3E2-20E69737F116} = {827E0CD3-B72D-47B6-A68D-7590B98EB39B}
		{0A939A67-1585-4B59-9B5C-22635607241F} = {827E0CD3-B72D-47B6-A68D-7590B98EB39B}
		{6B5CD547-5E8D-4714-810E-D44CFC192E97} = {827E0CD3-B72D-47B6-A68D-7590B98EB39B}
		{338699DF-183A-495A-9F48-6F13C5FCFCE7} = {827E0CD3-B72D-47B6-A68D-7590B98EB39B}
		{5A4D0B5F-900A-4F79-AB24-C92FA63FAD26} = {827E0CD3-B72D-47B6-A68D-7590B98EB39B}
		{60B75068-C163-41F9-BA20-F450D68F39A3} = {827E0CD3-B72D-47B6-A68D-7590B98EB39B}
		{5EE3AB94-31C7-4560-8723-273FD95B0A91} = {827E0CD3-B72D-47B6-A68D-7590B98EB39B}
		{5542CBB7-4CE2-4B7E-9CF6-7108AE551350} = {827E0CD3-B72D-47B6-A68D-7590B98EB39B}
		{895811F8-F19A-42DA-AB24-C332DFE5D6F4} = {827E0CD3-B72D-47B6-A68D-7590B98EB39B}
		{B2E24DCB-E515-42C6-807E-97FF6F05171D} = {827E0CD3-B72D-47B6-A68D-7590B98EB39B}
		{B444E5CC-5043-405B-AD6E-2D3DFD763FF1} = {827E0CD3-B72D-47B6-A68D-7590B98EB39B}
		{5D54744E-7981-417D-93D4-3CD57A5048E8} = {827E0CD3-B72D-47B6-A68D-7590B98EB39B}
		{CAFDAD94-6725-4613-8AD9-457C6FD63FA0} = {827E0CD3-B72D-47B6-A68D-7590B98EB39B}
		{48A42421-3899-4D51-85A6-95F67079828F} = {827E0CD3-B72D-47B6-A68D-7590B98EB39B}
		{575EA48F-E4B6-4A30-8786-92F703A9F4B4} = {827E0CD3-B72D-47B6-A68D-7590B98EB39B}
		{0BB2364C-C8B9-43DF-BE86-E3F816B1E1A9} = {827E0CD3-B72D-47B6-A68D-7590B98EB39B}
		{92942CD5-CC26-4AFC-8338-52E6C5A275A2} = {827E0CD3-B72D-47B6-A68D-7590B98EB39B}
		{899D4EF1-1519-4748-9548-109230C2EA4B} = {827E0CD3-B72D-47B6-A68D-7590B98EB39B}
	EndGlobalSection
EndGlobal
